<?xml version="1.0" encoding="utf-8"?>
<Project ToolsVersion="4.0" xmlns="http://schemas.microsoft.com/developer/msbuild/2003">
  <ItemGroup>
    <Filter Include="Includes">
      <UniqueIdentifier>{29ad181d-deaf-4a47-9cb2-06f0ec547148}</UniqueIdentifier>
    </Filter>
    <Filter Include="Sources">
      <UniqueIdentifier>{71bad3eb-e318-4730-becb-d8c79b89cfe5}</UniqueIdentifier>
    </Filter>
  </ItemGroup>
  <ItemGroup>
    <ClInclude Include="..\..\MSDK\MCore\Includes\MColor.h">
      <Filter>Includes</Filter>
    </ClInclude>
    <ClInclude Include="..\..\MSDK\MCore\Includes\MCore.h">
      <Filter>Includes</Filter>
    </ClInclude>
    <ClInclude Include="..\..\MSDK\MCore\Includes\MDataLoader.h">
      <Filter>Includes</Filter>
    </ClInclude>
    <ClInclude Include="..\..\MSDK\MCore\Includes\MDataManager.h">
      <Filter>Includes</Filter>
    </ClInclude>
    <ClInclude Include="..\..\MSDK\MCore\Includes\MFileTools.h">
      <Filter>Includes</Filter>
    </ClInclude>
    <ClInclude Include="..\..\MSDK\MCore\Includes\MImage.h">
      <Filter>Includes</Filter>
    </ClInclude>
    <ClInclude Include="..\..\MSDK\MCore\Includes\MInputContext.h">
      <Filter>Includes</Filter>
    </ClInclude>
    <ClInclude Include="..\..\MSDK\MCore\Includes\MMaths.h">
      <Filter>Includes</Filter>
    </ClInclude>
    <ClInclude Include="..\..\MSDK\MCore\Includes\MMatrix4x4.h">
      <Filter>Includes</Filter>
    </ClInclude>
    <ClInclude Include="..\..\MSDK\MCore\Includes\MPhysicsContext.h">
      <Filter>Includes</Filter>
    </ClInclude>
    <ClInclude Include="..\..\MSDK\MCore\Includes\MQuaternion.h">
      <Filter>Includes</Filter>
    </ClInclude>
    <ClInclude Include="..\..\MSDK\MCore\Includes\MRenderingcontext.h">
      <Filter>Includes</Filter>
    </ClInclude>
    <ClInclude Include="..\..\MSDK\MCore\Includes\MScriptContext.h">
      <Filter>Includes</Filter>
    </ClInclude>
    <ClInclude Include="..\..\MSDK\MCore\Includes\MSound.h">
      <Filter>Includes</Filter>
    </ClInclude>
    <ClInclude Include="..\..\MSDK\MCore\Includes\MSoundContext.h">
      <Filter>Includes</Filter>
    </ClInclude>
    <ClInclude Include="..\..\MSDK\MCore\Includes\MString.h">
      <Filter>Includes</Filter>
    </ClInclude>
    <ClInclude Include="..\..\MSDK\MCore\Includes\MStringTools.h">
      <Filter>Includes</Filter>
    </ClInclude>
    <ClInclude Include="..\..\MSDK\MCore\Includes\MSystemContext.h">
      <Filter>Includes</Filter>
    </ClInclude>
    <ClInclude Include="..\..\MSDK\MCore\Includes\MUtils.h">
      <Filter>Includes</Filter>
    </ClInclude>
    <ClInclude Include="..\..\MSDK\MCore\Includes\MVector2.h">
      <Filter>Includes</Filter>
    </ClInclude>
    <ClInclude Include="..\..\MSDK\MCore\Includes\MVector3.h">
      <Filter>Includes</Filter>
    </ClInclude>
    <ClInclude Include="..\..\MSDK\MCore\Includes\MVector4.h">
      <Filter>Includes</Filter>
    </ClInclude>
    <ClInclude Include="..\..\MSDK\MCore\Includes\MStdFile.h">
      <Filter>Includes</Filter>
    </ClInclude>
  </ItemGroup>
  <ItemGroup>
    <ClCompile Include="..\..\MSDK\MCore\Sources\MColor.cpp">
      <Filter>Sources</Filter>
    </ClCompile>
    <ClCompile Include="..\..\MSDK\MCore\Sources\MDataLoader.cpp">
      <Filter>Sources</Filter>
    </ClCompile>
    <ClCompile Include="..\..\MSDK\MCore\Sources\MDataManager.cpp">
      <Filter>Sources</Filter>
    </ClCompile>
    <ClCompile Include="..\..\MSDK\MCore\Sources\MFileTools.cpp">
      <Filter>Sources</Filter>
    </ClCompile>
    <ClCompile Include="..\..\MSDK\MCore\Sources\MImage.cpp">
      <Filter>Sources</Filter>
    </ClCompile>
    <ClCompile Include="..\..\MSDK\MCore\Sources\MMaths.cpp">
      <Filter>Sources</Filter>
    </ClCompile>
    <ClCompile Include="..\..\MSDK\MCore\Sources\MMatrix4x4.cpp">
      <Filter>Sources</Filter>
    </ClCompile>
    <ClCompile Include="..\..\MSDK\MCore\Sources\MQuaternion.cpp">
      <Filter>Sources</Filter>
    </ClCompile>
    <ClCompile Include="..\..\MSDK\MCore\Sources\MSound.cpp">
      <Filter>Sources</Filter>
    </ClCompile>
    <ClCompile Include="..\..\MSDK\MCore\Sources\MString.cpp">
      <Filter>Sources</Filter>
    </ClCompile>
    <ClCompile Include="..\..\MSDK\MCore\Sources\MStringTools.cpp">
      <Filter>Sources</Filter>
    </ClCompile>
    <ClCompile Include="..\..\MSDK\MCore\Sources\MVector2.cpp">
      <Filter>Sources</Filter>
    </ClCompile>
    <ClCompile Include="..\..\MSDK\MCore\Sources\MVector3.cpp">
      <Filter>Sources</Filter>
    </ClCompile>
    <ClCompile Include="..\..\MSDK\MCore\Sources\MVector4.cpp">
      <Filter>Sources</Filter>
    </ClCompile>
    <ClCompile Include="..\..\MSDK\MCore\Sources\MStdFile.cpp">
      <Filter>Sources</Filter>
    </ClCompile>
  </ItemGroup>
</Project>