<?xml version="1.0" encoding="utf-8"?>
<Project ToolsVersion="4.0" xmlns="http://schemas.microsoft.com/developer/msbuild/2003">
  <ItemGroup>
    <Filter Include="Includes">
      <UniqueIdentifier>{d77b70fe-5e0e-45b0-a709-3bf298d71a03}</UniqueIdentifier>
    </Filter>
    <Filter Include="Sources">
      <UniqueIdentifier>{460cfd2b-9973-439b-98ba-4df35a8e449f}</UniqueIdentifier>
    </Filter>
  </ItemGroup>
  <ItemGroup>
    <ClInclude Include="..\..\MSDK\MEngine\Includes\MArmature.h">
      <Filter>Includes</Filter>
    </ClInclude>
    <ClInclude Include="..\..\MSDK\MEngine\Includes\MArmatureAnim.h">
      <Filter>Includes</Filter>
    </ClInclude>
    <ClInclude Include="..\..\MSDK\MEngine\Includes\MArmatureAnimRef.h">
      <Filter>Includes</Filter>
    </ClInclude>
    <ClInclude Include="..\..\MSDK\MEngine\Includes\MBehavior.h">
      <Filter>Includes</Filter>
    </ClInclude>
    <ClInclude Include="..\..\MSDK\MEngine\Includes\MBehaviorCreator.h">
      <Filter>Includes</Filter>
    </ClInclude>
    <ClInclude Include="..\..\MSDK\MEngine\Includes\MBehaviorManager.h">
      <Filter>Includes</Filter>
    </ClInclude>
    <ClInclude Include="..\..\MSDK\MEngine\Includes\MBox3d.h">
      <Filter>Includes</Filter>
    </ClInclude>
    <ClInclude Include="..\..\MSDK\MEngine\Includes\MEngine.h">
      <Filter>Includes</Filter>
    </ClInclude>
    <ClInclude Include="..\..\MSDK\MEngine\Includes\MFont.h">
      <Filter>Includes</Filter>
    </ClInclude>
    <ClInclude Include="..\..\MSDK\MEngine\Includes\MFontRef.h">
      <Filter>Includes</Filter>
    </ClInclude>
    <ClInclude Include="..\..\MSDK\MEngine\Includes\MFrustum.h">
      <Filter>Includes</Filter>
    </ClInclude>
    <ClInclude Include="..\..\MSDK\MEngine\Includes\MFXManager.h">
      <Filter>Includes</Filter>
    </ClInclude>
    <ClInclude Include="..\..\MSDK\MEngine\Includes\MGame.h">
      <Filter>Includes</Filter>
    </ClInclude>
    <ClInclude Include="..\..\MSDK\MEngine\Includes\MKey.h">
      <Filter>Includes</Filter>
    </ClInclude>
    <ClInclude Include="..\..\MSDK\MEngine\Includes\MLevel.h">
      <Filter>Includes</Filter>
    </ClInclude>
    <ClInclude Include="..\..\MSDK\MEngine\Includes\MMaterial.h">
      <Filter>Includes</Filter>
    </ClInclude>
    <ClInclude Include="..\..\MSDK\MEngine\Includes\MMaterialAnim.h">
      <Filter>Includes</Filter>
    </ClInclude>
    <ClInclude Include="..\..\MSDK\MEngine\Includes\MMaterialsAnim.h">
      <Filter>Includes</Filter>
    </ClInclude>
    <ClInclude Include="..\..\MSDK\MEngine\Includes\MMaterialsAnimRef.h">
      <Filter>Includes</Filter>
    </ClInclude>
    <ClInclude Include="..\..\MSDK\MEngine\Includes\MMesh.h">
      <Filter>Includes</Filter>
    </ClInclude>
    <ClInclude Include="..\..\MSDK\MEngine\Includes\MMeshRef.h">
      <Filter>Includes</Filter>
    </ClInclude>
    <ClInclude Include="..\..\MSDK\MEngine\Includes\MMeshTools.h">
      <Filter>Includes</Filter>
    </ClInclude>
    <ClInclude Include="..\..\MSDK\MEngine\Includes\MMorphingData.h">
      <Filter>Includes</Filter>
    </ClInclude>
    <ClInclude Include="..\..\MSDK\MEngine\Includes\MObject3d.h">
      <Filter>Includes</Filter>
    </ClInclude>
    <ClInclude Include="..\..\MSDK\MEngine\Includes\MObject3dAnim.h">
      <Filter>Includes</Filter>
    </ClInclude>
    <ClInclude Include="..\..\MSDK\MEngine\Includes\MOBone.h">
      <Filter>Includes</Filter>
    </ClInclude>
    <ClInclude Include="..\..\MSDK\MEngine\Includes\MOCamera.h">
      <Filter>Includes</Filter>
    </ClInclude>
    <ClInclude Include="..\..\MSDK\MEngine\Includes\MOEntity.h">
      <Filter>Includes</Filter>
    </ClInclude>
    <ClInclude Include="..\..\MSDK\MEngine\Includes\MOLight.h">
      <Filter>Includes</Filter>
    </ClInclude>
    <ClInclude Include="..\..\MSDK\MEngine\Includes\MOSound.h">
      <Filter>Includes</Filter>
    </ClInclude>
    <ClInclude Include="..\..\MSDK\MEngine\Includes\MOText.h">
      <Filter>Includes</Filter>
    </ClInclude>
    <ClInclude Include="..\..\MSDK\MEngine\Includes\MRenderer.h">
      <Filter>Includes</Filter>
    </ClInclude>
    <ClInclude Include="..\..\MSDK\MEngine\Includes\MRendererCreator.h">
      <Filter>Includes</Filter>
    </ClInclude>
    <ClInclude Include="..\..\MSDK\MEngine\Includes\MRendererManager.h">
      <Filter>Includes</Filter>
    </ClInclude>
    <ClInclude Include="..\..\MSDK\MEngine\Includes\MScene.h">
      <Filter>Includes</Filter>
    </ClInclude>
    <ClInclude Include="..\..\MSDK\MEngine\Includes\MShaderRef.h">
      <Filter>Includes</Filter>
    </ClInclude>
    <ClInclude Include="..\..\MSDK\MEngine\Includes\MSkinData.h">
      <Filter>Includes</Filter>
    </ClInclude>
    <ClInclude Include="..\..\MSDK\MEngine\Includes\MSoundRef.h">
      <Filter>Includes</Filter>
    </ClInclude>
    <ClInclude Include="..\..\MSDK\MEngine\Includes\MTexture.h">
      <Filter>Includes</Filter>
    </ClInclude>
    <ClInclude Include="..\..\MSDK\MEngine\Includes\MTextureAnim.h">
      <Filter>Includes</Filter>
    </ClInclude>
    <ClInclude Include="..\..\MSDK\MEngine\Includes\MTextureRef.h">
      <Filter>Includes</Filter>
    </ClInclude>
    <ClInclude Include="..\..\MSDK\MEngine\Includes\MTexturesAnim.h">
      <Filter>Includes</Filter>
    </ClInclude>
    <ClInclude Include="..\..\MSDK\MEngine\Includes\MTexturesAnimRef.h">
      <Filter>Includes</Filter>
    </ClInclude>
    <ClInclude Include="..\..\MSDK\MEngine\Includes\MVariable.h">
      <Filter>Includes</Filter>
    </ClInclude>
    <ClInclude Include="..\..\MSDK\MEngine\Includes\MPackageManager.h">
      <Filter>Includes</Filter>
    </ClInclude>
  </ItemGroup>
  <ItemGroup>
    <ClCompile Include="..\..\MSDK\MEngine\Sources\MArmature.cpp">
      <Filter>Sources</Filter>
    </ClCompile>
    <ClCompile Include="..\..\MSDK\MEngine\Sources\MArmatureAnim.cpp">
      <Filter>Sources</Filter>
    </ClCompile>
    <ClCompile Include="..\..\MSDK\MEngine\Sources\MArmatureAnimRef.cpp">
      <Filter>Sources</Filter>
    </ClCompile>
    <ClCompile Include="..\..\MSDK\MEngine\Sources\MBehavior.cpp">
      <Filter>Sources</Filter>
    </ClCompile>
    <ClCompile Include="..\..\MSDK\MEngine\Sources\MBehaviorCreator.cpp">
      <Filter>Sources</Filter>
    </ClCompile>
    <ClCompile Include="..\..\MSDK\MEngine\Sources\MBehaviorManager.cpp">
      <Filter>Sources</Filter>
    </ClCompile>
    <ClCompile Include="..\..\MSDK\MEngine\Sources\MBox3d.cpp">
      <Filter>Sources</Filter>
    </ClCompile>
    <ClCompile Include="..\..\MSDK\MEngine\Sources\MEngine.cpp">
      <Filter>Sources</Filter>
    </ClCompile>
    <ClCompile Include="..\..\MSDK\MEngine\Sources\MFont.cpp">
      <Filter>Sources</Filter>
    </ClCompile>
    <ClCompile Include="..\..\MSDK\MEngine\Sources\MFontRef.cpp">
      <Filter>Sources</Filter>
    </ClCompile>
    <ClCompile Include="..\..\MSDK\MEngine\Sources\MFrustum.cpp">
      <Filter>Sources</Filter>
    </ClCompile>
    <ClCompile Include="..\..\MSDK\MEngine\Sources\MFXManager.cpp">
      <Filter>Sources</Filter>
    </ClCompile>
    <ClCompile Include="..\..\MSDK\MEngine\Sources\MGame.cpp">
      <Filter>Sources</Filter>
    </ClCompile>
    <ClCompile Include="..\..\MSDK\MEngine\Sources\MKey.cpp">
      <Filter>Sources</Filter>
    </ClCompile>
    <ClCompile Include="..\..\MSDK\MEngine\Sources\MLevel.cpp">
      <Filter>Sources</Filter>
    </ClCompile>
    <ClCompile Include="..\..\MSDK\MEngine\Sources\MMaterial.cpp">
      <Filter>Sources</Filter>
    </ClCompile>
    <ClCompile Include="..\..\MSDK\MEngine\Sources\MMaterialAnim.cpp">
      <Filter>Sources</Filter>
    </ClCompile>
    <ClCompile Include="..\..\MSDK\MEngine\Sources\MMaterialsAnim.cpp">
      <Filter>Sources</Filter>
    </ClCompile>
    <ClCompile Include="..\..\MSDK\MEngine\Sources\MMaterialsAnimRef.cpp">
      <Filter>Sources</Filter>
    </ClCompile>
    <ClCompile Include="..\..\MSDK\MEngine\Sources\MMesh.cpp">
      <Filter>Sources</Filter>
    </ClCompile>
    <ClCompile Include="..\..\MSDK\MEngine\Sources\MMeshRef.cpp">
      <Filter>Sources</Filter>
    </ClCompile>
    <ClCompile Include="..\..\MSDK\MEngine\Sources\MMeshTools.cpp">
      <Filter>Sources</Filter>
    </ClCompile>
    <ClCompile Include="..\..\MSDK\MEngine\Sources\MMorphingData.cpp">
      <Filter>Sources</Filter>
    </ClCompile>
    <ClCompile Include="..\..\MSDK\MEngine\Sources\MObject3d.cpp">
      <Filter>Sources</Filter>
    </ClCompile>
    <ClCompile Include="..\..\MSDK\MEngine\Sources\MObject3dAnim.cpp">
      <Filter>Sources</Filter>
    </ClCompile>
    <ClCompile Include="..\..\MSDK\MEngine\Sources\MOBone.cpp">
      <Filter>Sources</Filter>
    </ClCompile>
    <ClCompile Include="..\..\MSDK\MEngine\Sources\MOCamera.cpp">
      <Filter>Sources</Filter>
    </ClCompile>
    <ClCompile Include="..\..\MSDK\MEngine\Sources\MOEntity.cpp">
      <Filter>Sources</Filter>
    </ClCompile>
    <ClCompile Include="..\..\MSDK\MEngine\Sources\MOLight.cpp">
      <Filter>Sources</Filter>
    </ClCompile>
    <ClCompile Include="..\..\MSDK\MEngine\Sources\MOSound.cpp">
      <Filter>Sources</Filter>
    </ClCompile>
    <ClCompile Include="..\..\MSDK\MEngine\Sources\MOText.cpp">
      <Filter>Sources</Filter>
    </ClCompile>
    <ClCompile Include="..\..\MSDK\MEngine\Sources\MRenderer.cpp">
      <Filter>Sources</Filter>
    </ClCompile>
    <ClCompile Include="..\..\MSDK\MEngine\Sources\MRendererCreator.cpp">
      <Filter>Sources</Filter>
    </ClCompile>
    <ClCompile Include="..\..\MSDK\MEngine\Sources\MRendererManager.cpp">
      <Filter>Sources</Filter>
    </ClCompile>
    <ClCompile Include="..\..\MSDK\MEngine\Sources\MScene.cpp">
      <Filter>Sources</Filter>
    </ClCompile>
    <ClCompile Include="..\..\MSDK\MEngine\Sources\MShaderRef.cpp">
      <Filter>Sources</Filter>
    </ClCompile>
    <ClCompile Include="..\..\MSDK\MEngine\Sources\MSkinData.cpp">
      <Filter>Sources</Filter>
    </ClCompile>
    <ClCompile Include="..\..\MSDK\MEngine\Sources\MSoundRef.cpp">
      <Filter>Sources</Filter>
    </ClCompile>
    <ClCompile Include="..\..\MSDK\MEngine\Sources\MTextureAnim.cpp">
      <Filter>Sources</Filter>
    </ClCompile>
    <ClCompile Include="..\..\MSDK\MEngine\Sources\MTextureRef.cpp">
      <Filter>Sources</Filter>
    </ClCompile>
    <ClCompile Include="..\..\MSDK\MEngine\Sources\MTexturesAnim.cpp">
      <Filter>Sources</Filter>
    </ClCompile>
    <ClCompile Include="..\..\MSDK\MEngine\Sources\MTexturesAnimRef.cpp">
      <Filter>Sources</Filter>
    </ClCompile>
    <ClCompile Include="..\..\MSDK\MEngine\Sources\MVariable.cpp">
      <Filter>Sources</Filter>
    </ClCompile>
  </ItemGroup>
</Project>